// !$*UTF8*$!
{
	archiveVersion = 1;
	classes = {
	};
	objectVersion = 55;
	objects = {

/* Begin PBXBuildFile section */
		3F44A3C12836DD3800775E26 /* DetailViewController.swift in Sources */ = {isa = PBXBuildFile; fileRef = 3F44A3C02836DD3800775E26 /* DetailViewController.swift */; };
		3F54290C28359CE0002CE681 /* nssl0049.jpg in Resources */ = {isa = PBXBuildFile; fileRef = 3F54290228359CE0002CE681 /* nssl0049.jpg */; };
		3F54290D28359CE0002CE681 /* nssl0046.jpg in Resources */ = {isa = PBXBuildFile; fileRef = 3F54290328359CE0002CE681 /* nssl0046.jpg */; };
		3F54290E28359CE0002CE681 /* nssl0091.jpg in Resources */ = {isa = PBXBuildFile; fileRef = 3F54290428359CE0002CE681 /* nssl0091.jpg */; };
		3F54290F28359CE0002CE681 /* nssl0045.jpg in Resources */ = {isa = PBXBuildFile; fileRef = 3F54290528359CE0002CE681 /* nssl0045.jpg */; };
		3F54291028359CE0002CE681 /* nssl0051.jpg in Resources */ = {isa = PBXBuildFile; fileRef = 3F54290628359CE0002CE681 /* nssl0051.jpg */; };
		3F54291128359CE0002CE681 /* nssl0041.jpg in Resources */ = {isa = PBXBuildFile; fileRef = 3F54290728359CE0002CE681 /* nssl0041.jpg */; };
		3F54291228359CE0002CE681 /* nssl0042.jpg in Resources */ = {isa = PBXBuildFile; fileRef = 3F54290828359CE0002CE681 /* nssl0042.jpg */; };
		3F54291328359CE0002CE681 /* nssl0043.jpg in Resources */ = {isa = PBXBuildFile; fileRef = 3F54290928359CE0002CE681 /* nssl0043.jpg */; };
		3F54291428359CE0002CE681 /* nssl0033.jpg in Resources */ = {isa = PBXBuildFile; fileRef = 3F54290A28359CE0002CE681 /* nssl0033.jpg */; };
		3F54291528359CE0002CE681 /* nssl0034.jpg in Resources */ = {isa = PBXBuildFile; fileRef = 3F54290B28359CE0002CE681 /* nssl0034.jpg */; };
		3FC18A2D28359AB500EAC6BA /* AppDelegate.swift in Sources */ = {isa = PBXBuildFile; fileRef = 3FC18A2C28359AB500EAC6BA /* AppDelegate.swift */; };
		3FC18A2F28359AB500EAC6BA /* SceneDelegate.swift in Sources */ = {isa = PBXBuildFile; fileRef = 3FC18A2E28359AB500EAC6BA /* SceneDelegate.swift */; };
		3FC18A3128359AB500EAC6BA /* ViewController.swift in Sources */ = {isa = PBXBuildFile; fileRef = 3FC18A3028359AB500EAC6BA /* ViewController.swift */; };
		3FC18A3428359AB500EAC6BA /* Main.storyboard in Resources */ = {isa = PBXBuildFile; fileRef = 3FC18A3228359AB500EAC6BA /* Main.storyboard */; };
		3FC18A3628359AB700EAC6BA /* Assets.xcassets in Resources */ = {isa = PBXBuildFile; fileRef = 3FC18A3528359AB700EAC6BA /* Assets.xcassets */; };
		3FC18A3928359AB700EAC6BA /* LaunchScreen.storyboard in Resources */ = {isa = PBXBuildFile; fileRef = 3FC18A3728359AB700EAC6BA /* LaunchScreen.storyboard */; };
/* End PBXBuildFile section */

/* Begin PBXFileReference section */
		3F44A3C02836DD3800775E26 /* DetailViewController.swift */ = {isa = PBXFileReference; lastKnownFileType = sourcecode.swift; path = DetailViewController.swift; sourceTree = "<group>"; };
		3F54290228359CE0002CE681 /* nssl0049.jpg */ = {isa = PBXFileReference; lastKnownFileType = image.jpeg; path = nssl0049.jpg; sourceTree = "<group>"; };
		3F54290328359CE0002CE681 /* nssl0046.jpg */ = {isa = PBXFileReference; lastKnownFileType = image.jpeg; path = nssl0046.jpg; sourceTree = "<group>"; };
		3F54290428359CE0002CE681 /* nssl0091.jpg */ = {isa = PBXFileReference; lastKnownFileType = image.jpeg; path = nssl0091.jpg; sourceTree = "<group>"; };
		3F54290528359CE0002CE681 /* nssl0045.jpg */ = {isa = PBXFileReference; lastKnownFileType = image.jpeg; path = nssl0045.jpg; sourceTree = "<group>"; };
		3F54290628359CE0002CE681 /* nssl0051.jpg */ = {isa = PBXFileReference; lastKnownFileType = image.jpeg; path = nssl0051.jpg; sourceTree = "<group>"; };
		3F54290728359CE0002CE681 /* nssl0041.jpg */ = {isa = PBXFileReference; lastKnownFileType = image.jpeg; path = nssl0041.jpg; sourceTree = "<group>"; };
		3F54290828359CE0002CE681 /* nssl0042.jpg */ = {isa = PBXFileReference; lastKnownFileType = image.jpeg; path = nssl0042.jpg; sourceTree = "<group>"; };
		3F54290928359CE0002CE681 /* nssl0043.jpg */ = {isa = PBXFileReference; lastKnownFileType = image.jpeg; path = nssl0043.jpg; sourceTree = "<group>"; };
		3F54290A28359CE0002CE681 /* nssl0033.jpg */ = {isa = PBXFileReference; lastKnownFileType = image.jpeg; path = nssl0033.jpg; sourceTree = "<group>"; };
		3F54290B28359CE0002CE681 /* nssl0034.jpg */ = {isa = PBXFileReference; lastKnownFileType = image.jpeg; path = nssl0034.jpg; sourceTree = "<group>"; };
		3FC18A2928359AB500EAC6BA /* Project1.app */ = {isa = PBXFileReference; explicitFileType = wrapper.application; includeInIndex = 0; path = Project1.app; sourceTree = BUILT_PRODUCTS_DIR; };
		3FC18A2C28359AB500EAC6BA /* AppDelegate.swift */ = {isa = PBXFileReference; lastKnownFileType = sourcecode.swift; path = AppDelegate.swift; sourceTree = "<group>"; };
		3FC18A2E28359AB500EAC6BA /* SceneDelegate.swift */ = {isa = PBXFileReference; lastKnownFileType = sourcecode.swift; path = SceneDelegate.swift; sourceTree = "<group>"; };
		3FC18A3028359AB500EAC6BA /* ViewController.swift */ = {isa = PBXFileReference; lastKnownFileType = sourcecode.swift; path = ViewController.swift; sourceTree = "<group>"; };
		3FC18A3328359AB500EAC6BA /* Base */ = {isa = PBXFileReference; lastKnownFileType = file.storyboard; name = Base; path = Base.lproj/Main.storyboard; sourceTree = "<group>"; };
		3FC18A3528359AB700EAC6BA /* Assets.xcassets */ = {isa = PBXFileReference; lastKnownFileType = folder.assetcatalog; path = Assets.xcassets; sourceTree = "<group>"; };
		3FC18A3828359AB700EAC6BA /* Base */ = {isa = PBXFileReference; lastKnownFileType = file.storyboard; name = Base; path = Base.lproj/LaunchScreen.storyboard; sourceTree = "<group>"; };
		3FC18A3A28359AB700EAC6BA /* Info.plist */ = {isa = PBXFileReference; lastKnownFileType = text.plist.xml; path = Info.plist; sourceTree = "<group>"; };
/* End PBXFileReference section */

/* Begin PBXFrameworksBuildPhase section */
		3FC18A2628359AB500EAC6BA /* Frameworks */ = {
			isa = PBXFrameworksBuildPhase;
			buildActionMask = 2147483647;
			files = (
			);
			runOnlyForDeploymentPostprocessing = 0;
		};
/* End PBXFrameworksBuildPhase section */

/* Begin PBXGroup section */
		3F54290128359CE0002CE681 /* Content */ = {
			isa = PBXGroup;
			children = (
				3F54290228359CE0002CE681 /* nssl0049.jpg */,
				3F54290328359CE0002CE681 /* nssl0046.jpg */,
				3F54290428359CE0002CE681 /* nssl0091.jpg */,
				3F54290528359CE0002CE681 /* nssl0045.jpg */,
				3F54290628359CE0002CE681 /* nssl0051.jpg */,
				3F54290728359CE0002CE681 /* nssl0041.jpg */,
				3F54290828359CE0002CE681 /* nssl0042.jpg */,
				3F54290928359CE0002CE681 /* nssl0043.jpg */,
				3F54290A28359CE0002CE681 /* nssl0033.jpg */,
				3F54290B28359CE0002CE681 /* nssl0034.jpg */,
			);
			path = Content;
			sourceTree = "<group>";
		};
		3FC18A2028359AB500EAC6BA = {
			isa = PBXGroup;
			children = (
				3FC18A2B28359AB500EAC6BA /* Project1 */,
				3FC18A2A28359AB500EAC6BA /* Products */,
			);
			sourceTree = "<group>";
		};
		3FC18A2A28359AB500EAC6BA /* Products */ = {
			isa = PBXGroup;
			children = (
				3FC18A2928359AB500EAC6BA /* Project1.app */,
			);
			name = Products;
			sourceTree = "<group>";
		};
		3FC18A2B28359AB500EAC6BA /* Project1 */ = {
			isa = PBXGroup;
			children = (
				3FC18A2C28359AB500EAC6BA /* AppDelegate.swift */,
				3FC18A2E28359AB500EAC6BA /* SceneDelegate.swift */,
				3FC18A3028359AB500EAC6BA /* ViewController.swift */,
				3F44A3C02836DD3800775E26 /* DetailViewController.swift */,
				3FC18A3228359AB500EAC6BA /* Main.storyboard */,
				3FC18A3528359AB700EAC6BA /* Assets.xcassets */,
				3FC18A3728359AB700EAC6BA /* LaunchScreen.storyboard */,
				3FC18A3A28359AB700EAC6BA /* Info.plist */,
				3F54290128359CE0002CE681 /* Content */,
			);
			path = Project1;
			sourceTree = "<group>";
		};
/* End PBXGroup section */

/* Begin PBXNativeTarget section */
		3FC18A2828359AB500EAC6BA /* Project1 */ = {
			isa = PBXNativeTarget;
			buildConfigurationList = 3FC18A3D28359AB700EAC6BA /* Build configuration list for PBXNativeTarget "Project1" */;
			buildPhases = (
				3FC18A2528359AB500EAC6BA /* Sources */,
				3FC18A2628359AB500EAC6BA /* Frameworks */,
				3FC18A2728359AB500EAC6BA /* Resources */,
			);
			buildRules = (
			);
			dependencies = (
			);
			name = Project1;
			productName = Project1;
			productReference = 3FC18A2928359AB500EAC6BA /* Project1.app */;
			productType = "com.apple.product-type.application";
		};
/* End PBXNativeTarget section */

/* Begin PBXProject section */
		3FC18A2128359AB500EAC6BA /* Project object */ = {
			isa = PBXProject;
			attributes = {
				BuildIndependentTargetsInParallel = 1;
				LastSwiftUpdateCheck = 1330;
				LastUpgradeCheck = 1330;
				TargetAttributes = {
					3FC18A2828359AB500EAC6BA = {
						CreatedOnToolsVersion = 13.3;
					};
				};
			};
			buildConfigurationList = 3FC18A2428359AB500EAC6BA /* Build configuration list for PBXProject "Project1" */;
			compatibilityVersion = "Xcode 13.0";
			developmentRegion = en;
			hasScannedForEncodings = 0;
			knownRegions = (
				en,
				Base,
			);
			mainGroup = 3FC18A2028359AB500EAC6BA;
			productRefGroup = 3FC18A2A28359AB500EAC6BA /* Products */;
			projectDirPath = "";
			projectRoot = "";
			targets = (
				3FC18A2828359AB500EAC6BA /* Project1 */,
			);
		};
/* End PBXProject section */

/* Begin PBXResourcesBuildPhase section */
		3FC18A2728359AB500EAC6BA /* Resources */ = {
			isa = PBXResourcesBuildPhase;
			buildActionMask = 2147483647;
			files = (
				3F54290D28359CE0002CE681 /* nssl0046.jpg in Resources */,
				3F54291428359CE0002CE681 /* nssl0033.jpg in Resources */,
				3F54291028359CE0002CE681 /* nssl0051.jpg in Resources */,
				3F54290E28359CE0002CE681 /* nssl0091.jpg in Resources */,
				3F54291328359CE0002CE681 /* nssl0043.jpg in Resources */,
				3F54291528359CE0002CE681 /* nssl0034.jpg in Resources */,
				3F54290C28359CE0002CE681 /* nssl0049.jpg in Resources */,
				3F54291128359CE0002CE681 /* nssl0041.jpg in Resources */,
				3F54291228359CE0002CE681 /* nssl0042.jpg in Resources */,
				3FC18A3928359AB700EAC6BA /* LaunchScreen.storyboard in Resources */,
				3FC18A3628359AB700EAC6BA /* Assets.xcassets in Resources */,
				3F54290F28359CE0002CE681 /* nssl0045.jpg in Resources */,
				3FC18A3428359AB500EAC6BA /* Main.storyboard in Resources */,
			);
			runOnlyForDeploymentPostprocessing = 0;
		};
/* End PBXResourcesBuildPhase section */

/* Begin PBXSourcesBuildPhase section */
		3FC18A2528359AB500EAC6BA /* Sources */ = {
			isa = PBXSourcesBuildPhase;
			buildActionMask = 2147483647;
			files = (
				3FC18A3128359AB500EAC6BA /* ViewController.swift in Sources */,
				3FC18A2D28359AB500EAC6BA /* AppDelegate.swift in Sources */,
				3FC18A2F28359AB500EAC6BA /* SceneDelegate.swift in Sources */,
				3F44A3C12836DD3800775E26 /* DetailViewController.swift in Sources */,
			);
			runOnlyForDeploymentPostprocessing = 0;
		};
/* End PBXSourcesBuildPhase section */

/* Begin PBXVariantGroup section */
		3FC18A3228359AB500EAC6BA /* Main.storyboard */ = {
			isa = PBXVariantGroup;
			children = (
				3FC18A3328359AB500EAC6BA /* Base */,
			);
			name = Main.storyboard;
			sourceTree = "<group>";
		};
		3FC18A3728359AB700EAC6BA /* LaunchScreen.storyboard */ = {
			isa = PBXVariantGroup;
			children = (
				3FC18A3828359AB700EAC6BA /* Base */,
			);
			name = LaunchScreen.storyboard;
			sourceTree = "<group>";
		};
/* End PBXVariantGroup section */

/* Begin XCBuildConfiguration section */
		3FC18A3B28359AB700EAC6BA /* Debug */ = {
			isa = XCBuildConfiguration;
			buildSettings = {
				ALWAYS_SEARCH_USER_PATHS = NO;
				CLANG_ANALYZER_NONNULL = YES;
				CLANG_ANALYZER_NUMBER_OBJECT_CONVERSION = YES_AGGRESSIVE;
				CLANG_CXX_LANGUAGE_STANDARD = "gnu++17";
				CLANG_ENABLE_MODULES = YES;
				CLANG_ENABLE_OBJC_ARC = YES;
				CLANG_ENABLE_OBJC_WEAK = YES;
				CLANG_WARN_BLOCK_CAPTURE_AUTORELEASING = YES;
				CLANG_WARN_BOOL_CONVERSION = YES;
				CLANG_WARN_COMMA = YES;
				CLANG_WARN_CONSTANT_CONVERSION = YES;
				CLANG_WARN_DEPRECATED_OBJC_IMPLEMENTATIONS = YES;
				CLANG_WARN_DIRECT_OBJC_ISA_USAGE = YES_ERROR;
				CLANG_WARN_DOCUMENTATION_COMMENTS = YES;
				CLANG_WARN_EMPTY_BODY = YES;
				CLANG_WARN_ENUM_CONVERSION = YES;
				CLANG_WARN_INFINITE_RECURSION = YES;
				CLANG_WARN_INT_CONVERSION = YES;
				CLANG_WARN_NON_LITERAL_NULL_CONVERSION = YES;
				CLANG_WARN_OBJC_IMPLICIT_RETAIN_SELF = YES;
				CLANG_WARN_OBJC_LITERAL_CONVERSION = YES;
				CLANG_WARN_OBJC_ROOT_CLASS = YES_ERROR;
				CLANG_WARN_QUOTED_INCLUDE_IN_FRAMEWORK_HEADER = YES;
				CLANG_WARN_RANGE_LOOP_ANALYSIS = YES;
				CLANG_WARN_STRICT_PROTOTYPES = YES;
				CLANG_WARN_SUSPICIOUS_MOVE = YES;
				CLANG_WARN_UNGUARDED_AVAILABILITY = YES_AGGRESSIVE;
				CLANG_WARN_UNREACHABLE_CODE = YES;
				CLANG_WARN__DUPLICATE_METHOD_MATCH = YES;
				COPY_PHASE_STRIP = NO;
				DEBUG_INFORMATION_FORMAT = dwarf;
				ENABLE_STRICT_OBJC_MSGSEND = YES;
				ENABLE_TESTABILITY = YES;
				GCC_C_LANGUAGE_STANDARD = gnu11;
				GCC_DYNAMIC_NO_PIC = NO;
				GCC_NO_COMMON_BLOCKS = YES;
				GCC_OPTIMIZATION_LEVEL = 0;
				GCC_PREPROCESSOR_DEFINITIONS = (
					"DEBUG=1",
					"$(inherited)",
				);
				GCC_WARN_64_TO_32_BIT_CONVERSION = YES;
				GCC_WARN_ABOUT_RETURN_TYPE = YES_ERROR;
				GCC_WARN_UNDECLARED_SELECTOR = YES;
				GCC_WARN_UNINITIALIZED_AUTOS = YES_AGGRESSIVE;
				GCC_WARN_UNUSED_FUNCTION = YES;
				GCC_WARN_UNUSED_VARIABLE = YES;
				IPHONEOS_DEPLOYMENT_TARGET = 15.4;
				MTL_ENABLE_DEBUG_INFO = INCLUDE_SOURCE;
				MTL_FAST_MATH = YES;
				ONLY_ACTIVE_ARCH = YES;
				SDKROOT = iphoneos;
				SWIFT_ACTIVE_COMPILATION_CONDITIONS = DEBUG;
				SWIFT_OPTIMIZATION_LEVEL = "-Onone";
			};
			name = Debug;
		};
		3FC18A3C28359AB700EAC6BA /* Release */ = {
			isa = XCBuildConfiguration;
			buildSettings = {
				ALWAYS_SEARCH_USER_PATHS = NO;
				CLANG_ANALYZER_NONNULL = YES;
				CLANG_ANALYZER_NUMBER_OBJECT_CONVERSION = YES_AGGRESSIVE;
				CLANG_CXX_LANGUAGE_STANDARD = "gnu++17";
				CLANG_ENABLE_MODULES = YES;
				CLANG_ENABLE_OBJC_ARC = YES;
				CLANG_ENABLE_OBJC_WEAK = YES;
				CLANG_WARN_BLOCK_CAPTURE_AUTORELEASING = YES;
				CLANG_WARN_BOOL_CONVERSION = YES;
				CLANG_WARN_COMMA = YES;
				CLANG_WARN_CONSTANT_CONVERSION = YES;
				CLANG_WARN_DEPRECATED_OBJC_IMPLEMENTATIONS = YES;
				CLANG_WARN_DIRECT_OBJC_ISA_USAGE = YES_ERROR;
				CLANG_WARN_DOCUMENTATION_COMMENTS = YES;
				CLANG_WARN_EMPTY_BODY = YES;
				CLANG_WARN_ENUM_CONVERSION = YES;
				CLANG_WARN_INFINITE_RECURSION = YES;
				CLANG_WARN_INT_CONVERSION = YES;
				CLANG_WARN_NON_LITERAL_NULL_CONVERSION = YES;
				CLANG_WARN_OBJC_IMPLICIT_RETAIN_SELF = YES;
				CLANG_WARN_OBJC_LITERAL_CONVERSION = YES;
				CLANG_WARN_OBJC_ROOT_CLASS = YES_ERROR;
				CLANG_WARN_QUOTED_INCLUDE_IN_FRAMEWORK_HEADER = YES;
				CLANG_WARN_RANGE_LOOP_ANALYSIS = YES;
				CLANG_WARN_STRICT_PROTOTYPES = YES;
				CLANG_WARN_SUSPICIOUS_MOVE = YES;
				CLANG_WARN_UNGUARDED_AVAILABILITY = YES_AGGRESSIVE;
				CLANG_WARN_UNREACHABLE_CODE = YES;
				CLANG_WARN__DUPLICATE_METHOD_MATCH = YES;
				COPY_PHASE_STRIP = NO;
				DEBUG_INFORMATION_FORMAT = "dwarf-with-dsym";
				ENABLE_NS_ASSERTIONS = NO;
				ENABLE_STRICT_OBJC_MSGSEND = YES;
				GCC_C_LANGUAGE_STANDARD = gnu11;
				GCC_NO_COMMON_BLOCKS = YES;
				GCC_WARN_64_TO_32_BIT_CONVERSION = YES;
				GCC_WARN_ABOUT_RETURN_TYPE = YES_ERROR;
				GCC_WARN_UNDECLARED_SELECTOR = YES;
				GCC_WARN_UNINITIALIZED_AUTOS = YES_AGGRESSIVE;
				GCC_WARN_UNUSED_FUNCTION = YES;
				GCC_WARN_UNUSED_VARIABLE = YES;
				IPHONEOS_DEPLOYMENT_TARGET = 15.4;
				MTL_ENABLE_DEBUG_INFO = NO;
				MTL_FAST_MATH = YES;
				SDKROOT = iphoneos;
				SWIFT_COMPILATION_MODE = wholemodule;
				SWIFT_OPTIMIZATION_LEVEL = "-O";
				VALIDATE_PRODUCT = YES;
			};
			name = Release;
		};
		3FC18A3E28359AB700EAC6BA /* Debug */ = {
			isa = XCBuildConfiguration;
			buildSettings = {
				ASSETCATALOG_COMPILER_APPICON_NAME = AppIcon;
				ASSETCATALOG_COMPILER_GLOBAL_ACCENT_COLOR_NAME = AccentColor;
				CODE_SIGN_STYLE = Automatic;
				CURRENT_PROJECT_VERSION = 1;
				DEVELOPMENT_TEAM = L465JP8TZ8;
				GENERATE_INFOPLIST_FILE = YES;
				INFOPLIST_FILE = Project1/Info.plist;
				INFOPLIST_KEY_UIApplicationSupportsIndirectInputEvents = YES;
				INFOPLIST_KEY_UILaunchStoryboardName = LaunchScreen;
				INFOPLIST_KEY_UIMainStoryboardFile = Main;
				INFOPLIST_KEY_UISupportedInterfaceOrientations_iPad = "UIInterfaceOrientationPortrait UIInterfaceOrientationPortraitUpsideDown UIInterfaceOrientationLandscapeLeft UIInterfaceOrientationLandscapeRight";
				INFOPLIST_KEY_UISupportedInterfaceOrientations_iPhone = "UIInterfaceOrientationPortrait UIInterfaceOrientationLandscapeLeft UIInterfaceOrientationLandscapeRight";
				LD_RUNPATH_SEARCH_PATHS = (
					"$(inherited)",
					"@executable_path/Frameworks",
				);
				MARKETING_VERSION = 1.0;
				PRODUCT_BUNDLE_IDENTIFIER = com.JeremyHernandez.Project1;
				PRODUCT_NAME = "$(TARGET_NAME)";
				SWIFT_EMIT_LOC_STRINGS = YES;
				SWIFT_VERSION = 5.0;
				TARGETED_DEVICE_FAMILY = "1,2";
			};
			name = Debug;
		};
		3FC18A3F28359AB700EAC6BA /* Release */ = {
			isa = XCBuildConfiguration;
			buildSettings = {
				ASSETCATALOG_COMPILER_APPICON_NAME = AppIcon;
				ASSETCATALOG_COMPILER_GLOBAL_ACCENT_COLOR_NAME = AccentColor;
				CODE_SIGN_STYLE = Automatic;
				CURRENT_PROJECT_VERSION = 1;
				DEVELOPMENT_TEAM = L465JP8TZ8;
				GENERATE_INFOPLIST_FILE = YES;
				INFOPLIST_FILE = Project1/Info.plist;
				INFOPLIST_KEY_UIApplicationSupportsIndirectInputEvents = YES;
				INFOPLIST_KEY_UILaunchStoryboardName = LaunchScreen;
				INFOPLIST_KEY_UIMainStoryboardFile = Main;
				INFOPLIST_KEY_UISupportedInterfaceOrientations_iPad = "UIInterfaceOrientationPortrait UIInterfaceOrientationPortraitUpsideDown UIInterfaceOrientationLandscapeLeft UIInterfaceOrientationLandscapeRight";
				INFOPLIST_KEY_UISupportedInterfaceOrientations_iPhone = "UIInterfaceOrientationPortrait UIInterfaceOrientationLandscapeLeft UIInterfaceOrientationLandscapeRight";
				LD_RUNPATH_SEARCH_PATHS = (
					"$(inherited)",
					"@executable_path/Frameworks",
				);
				MARKETING_VERSION = 1.0;
				PRODUCT_BUNDLE_IDENTIFIER = com.JeremyHernandez.Project1;
				PRODUCT_NAME = "$(TARGET_NAME)";
				SWIFT_EMIT_LOC_STRINGS = YES;
				SWIFT_VERSION = 5.0;
				TARGETED_DEVICE_FAMILY = "1,2";
			};
			name = Release;
		};
/* End XCBuildConfiguration section */

/* Begin XCConfigurationList section */
		3FC18A2428359AB500EAC6BA /* Build configuration list for PBXProject "Project1" */ = {
			isa = XCConfigurationList;
			buildConfigurations = (
				3FC18A3B28359AB700EAC6BA /* Debug */,
				3FC18A3C28359AB700EAC6BA /* Release */,
			);
			defaultConfigurationIsVisible = 0;
			defaultConfigurationName = Release;
		};
		3FC18A3D28359AB700EAC6BA /* Build configuration list for PBXNativeTarget "Project1" */ = {
			isa = XCConfigurationList;
			buildConfigurations = (
				3FC18A3E28359AB700EAC6BA /* Debug */,
				3FC18A3F28359AB700EAC6BA /* Release */,
			);
			defaultConfigurationIsVisible = 0;
			defaultConfigurationName = Release;
		};
/* End XCConfigurationList section */
	};
	rootObject = 3FC18A2128359AB500EAC6BA /* Project object */;
}
